// !$*UTF8*$!
{
	archiveVersion = 1;
	classes = {
	};
	objectVersion = 77;
	objects = {

/* Begin PBXBuildFile section */
		10794D2F2CF6A1F700777BEF /* SDWebImage in Frameworks */ = {isa = PBXBuildFile; productRef = 10794D2E2CF6A1F700777BEF /* SDWebImage */; };
		10794D312CF6A20600777BEF /* SDWebImageMapKit in Frameworks */ = {isa = PBXBuildFile; productRef = 10794D302CF6A20600777BEF /* SDWebImageMapKit */; };
		396E8B102CF3894A00B35BAF /* Alamofire in Frameworks */ = {isa = PBXBuildFile; productRef = 396E8B0F2CF3894A00B35BAF /* Alamofire */; };
		396E8B132CF3897E00B35BAF /* FirebaseAnalytics in Frameworks */ = {isa = PBXBuildFile; productRef = 396E8B122CF3897E00B35BAF /* FirebaseAnalytics */; };
		396E8B152CF3897E00B35BAF /* FirebaseAuth in Frameworks */ = {isa = PBXBuildFile; productRef = 396E8B142CF3897E00B35BAF /* FirebaseAuth */; };
		396E8B172CF3897E00B35BAF /* FirebaseCore in Frameworks */ = {isa = PBXBuildFile; productRef = 396E8B162CF3897E00B35BAF /* FirebaseCore */; };
		396E8B192CF3897E00B35BAF /* FirebaseDatabase in Frameworks */ = {isa = PBXBuildFile; productRef = 396E8B182CF3897E00B35BAF /* FirebaseDatabase */; };
		396E8B1B2CF3897E00B35BAF /* FirebaseFirestore in Frameworks */ = {isa = PBXBuildFile; productRef = 396E8B1A2CF3897E00B35BAF /* FirebaseFirestore */; };
		396E8B1D2CF3897F00B35BAF /* FirebaseRemoteConfig in Frameworks */ = {isa = PBXBuildFile; productRef = 396E8B1C2CF3897F00B35BAF /* FirebaseRemoteConfig */; };
		396E8B1F2CF3897F00B35BAF /* FirebaseStorage in Frameworks */ = {isa = PBXBuildFile; productRef = 396E8B1E2CF3897F00B35BAF /* FirebaseStorage */; };
/* End PBXBuildFile section */

/* Begin PBXContainerItemProxy section */
		10EED9822CEEF71100BB226A /* PBXContainerItemProxy */ = {
			isa = PBXContainerItemProxy;
			containerPortal = 10EED9632CEEF70F00BB226A /* Project object */;
			proxyType = 1;
			remoteGlobalIDString = 10EED96A2CEEF70F00BB226A;
			remoteInfo = Project24;
		};
		10EED98C2CEEF71100BB226A /* PBXContainerItemProxy */ = {
			isa = PBXContainerItemProxy;
			containerPortal = 10EED9632CEEF70F00BB226A /* Project object */;
			proxyType = 1;
			remoteGlobalIDString = 10EED96A2CEEF70F00BB226A;
			remoteInfo = Project24;
		};
/* End PBXContainerItemProxy section */

/* Begin PBXFileReference section */
		10EED96B2CEEF70F00BB226A /* Project24.app */ = {isa = PBXFileReference; explicitFileType = wrapper.application; includeInIndex = 0; path = Project24.app; sourceTree = BUILT_PRODUCTS_DIR; };
		10EED9812CEEF71100BB226A /* Project24Tests.xctest */ = {isa = PBXFileReference; explicitFileType = wrapper.cfbundle; includeInIndex = 0; path = Project24Tests.xctest; sourceTree = BUILT_PRODUCTS_DIR; };
		10EED98B2CEEF71100BB226A /* Project24UITests.xctest */ = {isa = PBXFileReference; explicitFileType = wrapper.cfbundle; includeInIndex = 0; path = Project24UITests.xctest; sourceTree = BUILT_PRODUCTS_DIR; };
/* End PBXFileReference section */

/* Begin PBXFileSystemSynchronizedBuildFileExceptionSet section */
		39E1C9632D033A7D00CD6150 /* Exceptions for "Project24" folder in "Project24" target */ = {
			isa = PBXFileSystemSynchronizedBuildFileExceptionSet;
			membershipExceptions = (
				Info.plist,
			);
			target = 10EED96A2CEEF70F00BB226A /* Project24 */;
		};
/* End PBXFileSystemSynchronizedBuildFileExceptionSet section */

/* Begin PBXFileSystemSynchronizedRootGroup section */
		10EED9842CEEF71100BB226A /* Project24Tests */ = {
			isa = PBXFileSystemSynchronizedRootGroup;
			path = Project24Tests;
			sourceTree = "<group>";
		};
		10EED98E2CEEF71100BB226A /* Project24UITests */ = {
			isa = PBXFileSystemSynchronizedRootGroup;
			path = Project24UITests;
			sourceTree = "<group>";
		};
		39E1C9482D033A7D00CD6150 /* Project24 */ = {
			isa = PBXFileSystemSynchronizedRootGroup;
			exceptions = (
				39E1C9632D033A7D00CD6150 /* Exceptions for "Project24" folder in "Project24" target */,
			);
			path = Project24;
			sourceTree = "<group>";
		};
/* End PBXFileSystemSynchronizedRootGroup section */

/* Begin PBXFrameworksBuildPhase section */
		10EED9682CEEF70F00BB226A /* Frameworks */ = {
			isa = PBXFrameworksBuildPhase;
			buildActionMask = 2147483647;
			files = (
				396E8B192CF3897E00B35BAF /* FirebaseDatabase in Frameworks */,
				396E8B132CF3897E00B35BAF /* FirebaseAnalytics in Frameworks */,
				396E8B152CF3897E00B35BAF /* FirebaseAuth in Frameworks */,
				396E8B1D2CF3897F00B35BAF /* FirebaseRemoteConfig in Frameworks */,
				396E8B172CF3897E00B35BAF /* FirebaseCore in Frameworks */,
				396E8B1F2CF3897F00B35BAF /* FirebaseStorage in Frameworks */,
				10794D312CF6A20600777BEF /* SDWebImageMapKit in Frameworks */,
				10794D2F2CF6A1F700777BEF /* SDWebImage in Frameworks */,
				396E8B102CF3894A00B35BAF /* Alamofire in Frameworks */,
				396E8B1B2CF3897E00B35BAF /* FirebaseFirestore in Frameworks */,
			);
			runOnlyForDeploymentPostprocessing = 0;
		};
		10EED97E2CEEF71100BB226A /* Frameworks */ = {
			isa = PBXFrameworksBuildPhase;
			buildActionMask = 2147483647;
			files = (
			);
			runOnlyForDeploymentPostprocessing = 0;
		};
		10EED9882CEEF71100BB226A /* Frameworks */ = {
			isa = PBXFrameworksBuildPhase;
			buildActionMask = 2147483647;
			files = (
			);
			runOnlyForDeploymentPostprocessing = 0;
		};
/* End PBXFrameworksBuildPhase section */

/* Begin PBXGroup section */
		10EED9622CEEF70F00BB226A = {
			isa = PBXGroup;
			children = (
				39E1C9482D033A7D00CD6150 /* Project24 */,
				10EED9842CEEF71100BB226A /* Project24Tests */,
				10EED98E2CEEF71100BB226A /* Project24UITests */,
				10EED96C2CEEF70F00BB226A /* Products */,
			);
			sourceTree = "<group>";
		};
		10EED96C2CEEF70F00BB226A /* Products */ = {
			isa = PBXGroup;
			children = (
				10EED96B2CEEF70F00BB226A /* Project24.app */,
				10EED9812CEEF71100BB226A /* Project24Tests.xctest */,
				10EED98B2CEEF71100BB226A /* Project24UITests.xctest */,
			);
			name = Products;
			sourceTree = "<group>";
		};
/* End PBXGroup section */

/* Begin PBXNativeTarget section */
		10EED96A2CEEF70F00BB226A /* Project24 */ = {
			isa = PBXNativeTarget;
			buildConfigurationList = 10EED9942CEEF71100BB226A /* Build configuration list for PBXNativeTarget "Project24" */;
			buildPhases = (
				10EED9672CEEF70F00BB226A /* Sources */,
				10EED9682CEEF70F00BB226A /* Frameworks */,
				10EED9692CEEF70F00BB226A /* Resources */,
			);
			buildRules = (
			);
			dependencies = (
			);
			fileSystemSynchronizedGroups = (
				39E1C9482D033A7D00CD6150 /* Project24 */,
			);
			name = Project24;
			packageProductDependencies = (
				396E8B0F2CF3894A00B35BAF /* Alamofire */,
				396E8B122CF3897E00B35BAF /* FirebaseAnalytics */,
				396E8B142CF3897E00B35BAF /* FirebaseAuth */,
				396E8B162CF3897E00B35BAF /* FirebaseCore */,
				396E8B182CF3897E00B35BAF /* FirebaseDatabase */,
				396E8B1A2CF3897E00B35BAF /* FirebaseFirestore */,
				396E8B1C2CF3897F00B35BAF /* FirebaseRemoteConfig */,
				396E8B1E2CF3897F00B35BAF /* FirebaseStorage */,
				10794D2E2CF6A1F700777BEF /* SDWebImage */,
				10794D302CF6A20600777BEF /* SDWebImageMapKit */,
			);
			productName = Project24;
			productReference = 10EED96B2CEEF70F00BB226A /* Project24.app */;
			productType = "com.apple.product-type.application";
		};
		10EED9802CEEF71100BB226A /* Project24Tests */ = {
			isa = PBXNativeTarget;
			buildConfigurationList = 10EED9992CEEF71100BB226A /* Build configuration list for PBXNativeTarget "Project24Tests" */;
			buildPhases = (
				10EED97D2CEEF71100BB226A /* Sources */,
				10EED97E2CEEF71100BB226A /* Frameworks */,
				10EED97F2CEEF71100BB226A /* Resources */,
			);
			buildRules = (
			);
			dependencies = (
				10EED9832CEEF71100BB226A /* PBXTargetDependency */,
			);
			fileSystemSynchronizedGroups = (
				10EED9842CEEF71100BB226A /* Project24Tests */,
			);
			name = Project24Tests;
			packageProductDependencies = (
			);
			productName = Project24Tests;
			productReference = 10EED9812CEEF71100BB226A /* Project24Tests.xctest */;
			productType = "com.apple.product-type.bundle.unit-test";
		};
		10EED98A2CEEF71100BB226A /* Project24UITests */ = {
			isa = PBXNativeTarget;
			buildConfigurationList = 10EED99C2CEEF71100BB226A /* Build configuration list for PBXNativeTarget "Project24UITests" */;
			buildPhases = (
				10EED9872CEEF71100BB226A /* Sources */,
				10EED9882CEEF71100BB226A /* Frameworks */,
				10EED9892CEEF71100BB226A /* Resources */,
			);
			buildRules = (
			);
			dependencies = (
				10EED98D2CEEF71100BB226A /* PBXTargetDependency */,
			);
			fileSystemSynchronizedGroups = (
				10EED98E2CEEF71100BB226A /* Project24UITests */,
			);
			name = Project24UITests;
			packageProductDependencies = (
			);
			productName = Project24UITests;
			productReference = 10EED98B2CEEF71100BB226A /* Project24UITests.xctest */;
			productType = "com.apple.product-type.bundle.ui-testing";
		};
/* End PBXNativeTarget section */

/* Begin PBXProject section */
		10EED9632CEEF70F00BB226A /* Project object */ = {
			isa = PBXProject;
			attributes = {
				BuildIndependentTargetsInParallel = 1;
				LastSwiftUpdateCheck = 1610;
				LastUpgradeCheck = 1610;
				TargetAttributes = {
					10EED96A2CEEF70F00BB226A = {
						CreatedOnToolsVersion = 16.1;
					};
					10EED9802CEEF71100BB226A = {
						CreatedOnToolsVersion = 16.1;
						TestTargetID = 10EED96A2CEEF70F00BB226A;
					};
					10EED98A2CEEF71100BB226A = {
						CreatedOnToolsVersion = 16.1;
						TestTargetID = 10EED96A2CEEF70F00BB226A;
					};
				};
			};
			buildConfigurationList = 10EED9662CEEF70F00BB226A /* Build configuration list for PBXProject "Project24" */;
			developmentRegion = en;
			hasScannedForEncodings = 0;
			knownRegions = (
				en,
				Base,
			);
			mainGroup = 10EED9622CEEF70F00BB226A;
			minimizedProjectReferenceProxies = 1;
			packageReferences = (
				396E8B0E2CF3894A00B35BAF /* XCRemoteSwiftPackageReference "Alamofire" */,
				396E8B112CF3897E00B35BAF /* XCRemoteSwiftPackageReference "firebase-ios-sdk" */,
				10794D2D2CF6A1F700777BEF /* XCRemoteSwiftPackageReference "SDWebImage" */,
			);
			preferredProjectObjectVersion = 77;
			productRefGroup = 10EED96C2CEEF70F00BB226A /* Products */;
			projectDirPath = "";
			projectRoot = "";
			targets = (
				10EED96A2CEEF70F00BB226A /* Project24 */,
				10EED9802CEEF71100BB226A /* Project24Tests */,
				10EED98A2CEEF71100BB226A /* Project24UITests */,
			);
		};
/* End PBXProject section */

/* Begin PBXResourcesBuildPhase section */
		10EED9692CEEF70F00BB226A /* Resources */ = {
			isa = PBXResourcesBuildPhase;
			buildActionMask = 2147483647;
			files = (
			);
			runOnlyForDeploymentPostprocessing = 0;
		};
		10EED97F2CEEF71100BB226A /* Resources */ = {
			isa = PBXResourcesBuildPhase;
			buildActionMask = 2147483647;
			files = (
			);
			runOnlyForDeploymentPostprocessing = 0;
		};
		10EED9892CEEF71100BB226A /* Resources */ = {
			isa = PBXResourcesBuildPhase;
			buildActionMask = 2147483647;
			files = (
			);
			runOnlyForDeploymentPostprocessing = 0;
		};
/* End PBXResourcesBuildPhase section */

/* Begin PBXSourcesBuildPhase section */
		10EED9672CEEF70F00BB226A /* Sources */ = {
			isa = PBXSourcesBuildPhase;
			buildActionMask = 2147483647;
			files = (
			);
			runOnlyForDeploymentPostprocessing = 0;
		};
		10EED97D2CEEF71100BB226A /* Sources */ = {
			isa = PBXSourcesBuildPhase;
			buildActionMask = 2147483647;
			files = (
			);
			runOnlyForDeploymentPostprocessing = 0;
		};
		10EED9872CEEF71100BB226A /* Sources */ = {
			isa = PBXSourcesBuildPhase;
			buildActionMask = 2147483647;
			files = (
			);
			runOnlyForDeploymentPostprocessing = 0;
		};
/* End PBXSourcesBuildPhase section */

/* Begin PBXTargetDependency section */
		10EED9832CEEF71100BB226A /* PBXTargetDependency */ = {
			isa = PBXTargetDependency;
			target = 10EED96A2CEEF70F00BB226A /* Project24 */;
			targetProxy = 10EED9822CEEF71100BB226A /* PBXContainerItemProxy */;
		};
		10EED98D2CEEF71100BB226A /* PBXTargetDependency */ = {
			isa = PBXTargetDependency;
			target = 10EED96A2CEEF70F00BB226A /* Project24 */;
			targetProxy = 10EED98C2CEEF71100BB226A /* PBXContainerItemProxy */;
		};
/* End PBXTargetDependency section */

/* Begin XCBuildConfiguration section */
		10EED9952CEEF71100BB226A /* Debug */ = {
			isa = XCBuildConfiguration;
			buildSettings = {
				ASSETCATALOG_COMPILER_APPICON_NAME = AppIcon;
				ASSETCATALOG_COMPILER_GLOBAL_ACCENT_COLOR_NAME = AccentColor;
				CODE_SIGN_STYLE = Automatic;
				CURRENT_PROJECT_VERSION = 1;
				DEVELOPMENT_TEAM = 7F5GS95SNM;
				GENERATE_INFOPLIST_FILE = YES;
				INFOPLIST_FILE = Project24/Info.plist;
				INFOPLIST_KEY_UIApplicationSupportsIndirectInputEvents = YES;
				INFOPLIST_KEY_UILaunchStoryboardName = LaunchScreen;
				INFOPLIST_KEY_UIMainStoryboardFile = Main;
				INFOPLIST_KEY_UISupportedInterfaceOrientations_iPad = "UIInterfaceOrientationPortrait UIInterfaceOrientationPortraitUpsideDown UIInterfaceOrientationLandscapeLeft UIInterfaceOrientationLandscapeRight";
				INFOPLIST_KEY_UISupportedInterfaceOrientations_iPhone = "UIInterfaceOrientationPortrait UIInterfaceOrientationLandscapeLeft UIInterfaceOrientationLandscapeRight";
				LD_RUNPATH_SEARCH_PATHS = (
					"$(inherited)",
					"@executable_path/Frameworks",
				);
				MARKETING_VERSION = 1.0;
				PRODUCT_BUNDLE_IDENTIFIER = diva.Project24;
				PRODUCT_NAME = "$(TARGET_NAME)";
				SWIFT_EMIT_LOC_STRINGS = YES;
				SWIFT_VERSION = 5.0;
				TARGETED_DEVICE_FAMILY = "1,2";
			};
			name = Debug;
		};
		10EED9962CEEF71100BB226A /* Release */ = {
			isa = XCBuildConfiguration;
			buildSettings = {
				ASSETCATALOG_COMPILER_APPICON_NAME = AppIcon;
				ASSETCATALOG_COMPILER_GLOBAL_ACCENT_COLOR_NAME = AccentColor;
				CODE_SIGN_STYLE = Automatic;
				CURRENT_PROJECT_VERSION = 1;
				DEVELOPMENT_TEAM = 7F5GS95SNM;
				GENERATE_INFOPLIST_FILE = YES;
				INFOPLIST_FILE = Project24/Info.plist;
				INFOPLIST_KEY_UIApplicationSupportsIndirectInputEvents = YES;
				INFOPLIST_KEY_UILaunchStoryboardName = LaunchScreen;
				INFOPLIST_KEY_UIMainStoryboardFile = Main;
				INFOPLIST_KEY_UISupportedInterfaceOrientations_iPad = "UIInterfaceOrientationPortrait UIInterfaceOrientationPortraitUpsideDown UIInterfaceOrientationLandscapeLeft UIInterfaceOrientationLandscapeRight";
				INFOPLIST_KEY_UISupportedInterfaceOrientations_iPhone = "UIInterfaceOrientationPortrait UIInterfaceOrientationLandscapeLeft UIInterfaceOrientationLandscapeRight";
				LD_RUNPATH_SEARCH_PATHS = (
					"$(inherited)",
					"@executable_path/Frameworks",
				);
				MARKETING_VERSION = 1.0;
				PRODUCT_BUNDLE_IDENTIFIER = diva.Project24;
				PRODUCT_NAME = "$(TARGET_NAME)";
				SWIFT_EMIT_LOC_STRINGS = YES;
				SWIFT_VERSION = 5.0;
				TARGETED_DEVICE_FAMILY = "1,2";
			};
			name = Release;
		};
		10EED9972CEEF71100BB226A /* Debug */ = {
			isa = XCBuildConfiguration;
			buildSettings = {
				ALWAYS_SEARCH_USER_PATHS = NO;
				ASSETCATALOG_COMPILER_GENERATE_SWIFT_ASSET_SYMBOL_EXTENSIONS = YES;
				CLANG_ANALYZER_NONNULL = YES;
				CLANG_ANALYZER_NUMBER_OBJECT_CONVERSION = YES_AGGRESSIVE;
				CLANG_CXX_LANGUAGE_STANDARD = "gnu++20";
				CLANG_ENABLE_MODULES = YES;
				CLANG_ENABLE_OBJC_ARC = YES;
				CLANG_ENABLE_OBJC_WEAK = YES;
				CLANG_WARN_BLOCK_CAPTURE_AUTORELEASING = YES;
				CLANG_WARN_BOOL_CONVERSION = YES;
				CLANG_WARN_COMMA = YES;
				CLANG_WARN_CONSTANT_CONVERSION = YES;
				CLANG_WARN_DEPRECATED_OBJC_IMPLEMENTATIONS = YES;
				CLANG_WARN_DIRECT_OBJC_ISA_USAGE = YES_ERROR;
				CLANG_WARN_DOCUMENTATION_COMMENTS = YES;
				CLANG_WARN_EMPTY_BODY = YES;
				CLANG_WARN_ENUM_CONVERSION = YES;
				CLANG_WARN_INFINITE_RECURSION = YES;
				CLANG_WARN_INT_CONVERSION = YES;
				CLANG_WARN_NON_LITERAL_NULL_CONVERSION = YES;
				CLANG_WARN_OBJC_IMPLICIT_RETAIN_SELF = YES;
				CLANG_WARN_OBJC_LITERAL_CONVERSION = YES;
				CLANG_WARN_OBJC_ROOT_CLASS = YES_ERROR;
				CLANG_WARN_QUOTED_INCLUDE_IN_FRAMEWORK_HEADER = YES;
				CLANG_WARN_RANGE_LOOP_ANALYSIS = YES;
				CLANG_WARN_STRICT_PROTOTYPES = YES;
				CLANG_WARN_SUSPICIOUS_MOVE = YES;
				CLANG_WARN_UNGUARDED_AVAILABILITY = YES_AGGRESSIVE;
				CLANG_WARN_UNREACHABLE_CODE = YES;
				CLANG_WARN__DUPLICATE_METHOD_MATCH = YES;
				COPY_PHASE_STRIP = NO;
				DEBUG_INFORMATION_FORMAT = dwarf;
				ENABLE_STRICT_OBJC_MSGSEND = YES;
				ENABLE_TESTABILITY = YES;
				ENABLE_USER_SCRIPT_SANDBOXING = YES;
				GCC_C_LANGUAGE_STANDARD = gnu17;
				GCC_DYNAMIC_NO_PIC = NO;
				GCC_NO_COMMON_BLOCKS = YES;
				GCC_OPTIMIZATION_LEVEL = 0;
				GCC_PREPROCESSOR_DEFINITIONS = (
					"DEBUG=1",
					"$(inherited)",
				);
				GCC_WARN_64_TO_32_BIT_CONVERSION = YES;
				GCC_WARN_ABOUT_RETURN_TYPE = YES_ERROR;
				GCC_WARN_UNDECLARED_SELECTOR = YES;
				GCC_WARN_UNINITIALIZED_AUTOS = YES_AGGRESSIVE;
				GCC_WARN_UNUSED_FUNCTION = YES;
				GCC_WARN_UNUSED_VARIABLE = YES;
				IPHONEOS_DEPLOYMENT_TARGET = 18.1;
				LOCALIZATION_PREFERS_STRING_CATALOGS = YES;
				MTL_ENABLE_DEBUG_INFO = INCLUDE_SOURCE;
				MTL_FAST_MATH = YES;
				ONLY_ACTIVE_ARCH = YES;
				SDKROOT = iphoneos;
				SWIFT_ACTIVE_COMPILATION_CONDITIONS = "DEBUG $(inherited)";
				SWIFT_OPTIMIZATION_LEVEL = "-Onone";
			};
			name = Debug;
		};
		10EED9982CEEF71100BB226A /* Release */ = {
			isa = XCBuildConfiguration;
			buildSettings = {
				ALWAYS_SEARCH_USER_PATHS = NO;
				ASSETCATALOG_COMPILER_GENERATE_SWIFT_ASSET_SYMBOL_EXTENSIONS = YES;
				CLANG_ANALYZER_NONNULL = YES;
				CLANG_ANALYZER_NUMBER_OBJECT_CONVERSION = YES_AGGRESSIVE;
				CLANG_CXX_LANGUAGE_STANDARD = "gnu++20";
				CLANG_ENABLE_MODULES = YES;
				CLANG_ENABLE_OBJC_ARC = YES;
				CLANG_ENABLE_OBJC_WEAK = YES;
				CLANG_WARN_BLOCK_CAPTURE_AUTORELEASING = YES;
				CLANG_WARN_BOOL_CONVERSION = YES;
				CLANG_WARN_COMMA = YES;
				CLANG_WARN_CONSTANT_CONVERSION = YES;
				CLANG_WARN_DEPRECATED_OBJC_IMPLEMENTATIONS = YES;
				CLANG_WARN_DIRECT_OBJC_ISA_USAGE = YES_ERROR;
				CLANG_WARN_DOCUMENTATION_COMMENTS = YES;
				CLANG_WARN_EMPTY_BODY = YES;
				CLANG_WARN_ENUM_CONVERSION = YES;
				CLANG_WARN_INFINITE_RECURSION = YES;
				CLANG_WARN_INT_CONVERSION = YES;
				CLANG_WARN_NON_LITERAL_NULL_CONVERSION = YES;
				CLANG_WARN_OBJC_IMPLICIT_RETAIN_SELF = YES;
				CLANG_WARN_OBJC_LITERAL_CONVERSION = YES;
				CLANG_WARN_OBJC_ROOT_CLASS = YES_ERROR;
				CLANG_WARN_QUOTED_INCLUDE_IN_FRAMEWORK_HEADER = YES;
				CLANG_WARN_RANGE_LOOP_ANALYSIS = YES;
				CLANG_WARN_STRICT_PROTOTYPES = YES;
				CLANG_WARN_SUSPICIOUS_MOVE = YES;
				CLANG_WARN_UNGUARDED_AVAILABILITY = YES_AGGRESSIVE;
				CLANG_WARN_UNREACHABLE_CODE = YES;
				CLANG_WARN__DUPLICATE_METHOD_MATCH = YES;
				COPY_PHASE_STRIP = NO;
				DEBUG_INFORMATION_FORMAT = "dwarf-with-dsym";
				ENABLE_NS_ASSERTIONS = NO;
				ENABLE_STRICT_OBJC_MSGSEND = YES;
				ENABLE_USER_SCRIPT_SANDBOXING = YES;
				GCC_C_LANGUAGE_STANDARD = gnu17;
				GCC_NO_COMMON_BLOCKS = YES;
				GCC_WARN_64_TO_32_BIT_CONVERSION = YES;
				GCC_WARN_ABOUT_RETURN_TYPE = YES_ERROR;
				GCC_WARN_UNDECLARED_SELECTOR = YES;
				GCC_WARN_UNINITIALIZED_AUTOS = YES_AGGRESSIVE;
				GCC_WARN_UNUSED_FUNCTION = YES;
				GCC_WARN_UNUSED_VARIABLE = YES;
				IPHONEOS_DEPLOYMENT_TARGET = 18.1;
				LOCALIZATION_PREFERS_STRING_CATALOGS = YES;
				MTL_ENABLE_DEBUG_INFO = NO;
				MTL_FAST_MATH = YES;
				SDKROOT = iphoneos;
				SWIFT_COMPILATION_MODE = wholemodule;
				VALIDATE_PRODUCT = YES;
			};
			name = Release;
		};
		10EED99A2CEEF71100BB226A /* Debug */ = {
			isa = XCBuildConfiguration;
			buildSettings = {
				BUNDLE_LOADER = "$(TEST_HOST)";
				CODE_SIGN_STYLE = Automatic;
				CURRENT_PROJECT_VERSION = 1;
				GENERATE_INFOPLIST_FILE = YES;
				IPHONEOS_DEPLOYMENT_TARGET = 18.1;
				MARKETING_VERSION = 1.0;
				PRODUCT_BUNDLE_IDENTIFIER = diva.Project24Tests;
				PRODUCT_NAME = "$(TARGET_NAME)";
				SWIFT_EMIT_LOC_STRINGS = NO;
				SWIFT_VERSION = 5.0;
				TARGETED_DEVICE_FAMILY = "1,2";
				TEST_HOST = "$(BUILT_PRODUCTS_DIR)/Project24.app/$(BUNDLE_EXECUTABLE_FOLDER_PATH)/Project24";
			};
			name = Debug;
		};
		10EED99B2CEEF71100BB226A /* Release */ = {
			isa = XCBuildConfiguration;
			buildSettings = {
				BUNDLE_LOADER = "$(TEST_HOST)";
				CODE_SIGN_STYLE = Automatic;
				CURRENT_PROJECT_VERSION = 1;
				GENERATE_INFOPLIST_FILE = YES;
				IPHONEOS_DEPLOYMENT_TARGET = 18.1;
				MARKETING_VERSION = 1.0;
				PRODUCT_BUNDLE_IDENTIFIER = diva.Project24Tests;
				PRODUCT_NAME = "$(TARGET_NAME)";
				SWIFT_EMIT_LOC_STRINGS = NO;
				SWIFT_VERSION = 5.0;
				TARGETED_DEVICE_FAMILY = "1,2";
				TEST_HOST = "$(BUILT_PRODUCTS_DIR)/Project24.app/$(BUNDLE_EXECUTABLE_FOLDER_PATH)/Project24";
			};
			name = Release;
		};
		10EED99D2CEEF71100BB226A /* Debug */ = {
			isa = XCBuildConfiguration;
			buildSettings = {
				CODE_SIGN_STYLE = Automatic;
				CURRENT_PROJECT_VERSION = 1;
				GENERATE_INFOPLIST_FILE = YES;
				MARKETING_VERSION = 1.0;
				PRODUCT_BUNDLE_IDENTIFIER = diva.Project24UITests;
				PRODUCT_NAME = "$(TARGET_NAME)";
				SWIFT_EMIT_LOC_STRINGS = NO;
				SWIFT_VERSION = 5.0;
				TARGETED_DEVICE_FAMILY = "1,2";
				TEST_TARGET_NAME = Project24;
			};
			name = Debug;
		};
		10EED99E2CEEF71100BB226A /* Release */ = {
			isa = XCBuildConfiguration;
			buildSettings = {
				CODE_SIGN_STYLE = Automatic;
				CURRENT_PROJECT_VERSION = 1;
				GENERATE_INFOPLIST_FILE = YES;
				MARKETING_VERSION = 1.0;
				PRODUCT_BUNDLE_IDENTIFIER = diva.Project24UITests;
				PRODUCT_NAME = "$(TARGET_NAME)";
				SWIFT_EMIT_LOC_STRINGS = NO;
				SWIFT_VERSION = 5.0;
				TARGETED_DEVICE_FAMILY = "1,2";
				TEST_TARGET_NAME = Project24;
			};
			name = Release;
		};
/* End XCBuildConfiguration section */

/* Begin XCConfigurationList section */
		10EED9662CEEF70F00BB226A /* Build configuration list for PBXProject "Project24" */ = {
			isa = XCConfigurationList;
			buildConfigurations = (
				10EED9972CEEF71100BB226A /* Debug */,
				10EED9982CEEF71100BB226A /* Release */,
			);
			defaultConfigurationIsVisible = 0;
			defaultConfigurationName = Release;
		};
		10EED9942CEEF71100BB226A /* Build configuration list for PBXNativeTarget "Project24" */ = {
			isa = XCConfigurationList;
			buildConfigurations = (
				10EED9952CEEF71100BB226A /* Debug */,
				10EED9962CEEF71100BB226A /* Release */,
			);
			defaultConfigurationIsVisible = 0;
			defaultConfigurationName = Release;
		};
		10EED9992CEEF71100BB226A /* Build configuration list for PBXNativeTarget "Project24Tests" */ = {
			isa = XCConfigurationList;
			buildConfigurations = (
				10EED99A2CEEF71100BB226A /* Debug */,
				10EED99B2CEEF71100BB226A /* Release */,
			);
			defaultConfigurationIsVisible = 0;
			defaultConfigurationName = Release;
		};
		10EED99C2CEEF71100BB226A /* Build configuration list for PBXNativeTarget "Project24UITests" */ = {
			isa = XCConfigurationList;
			buildConfigurations = (
				10EED99D2CEEF71100BB226A /* Debug */,
				10EED99E2CEEF71100BB226A /* Release */,
			);
			defaultConfigurationIsVisible = 0;
			defaultConfigurationName = Release;
		};
/* End XCConfigurationList section */

/* Begin XCRemoteSwiftPackageReference section */
		10794D2D2CF6A1F700777BEF /* XCRemoteSwiftPackageReference "SDWebImage" */ = {
			isa = XCRemoteSwiftPackageReference;
			repositoryURL = "https://github.com/SDWebImage/SDWebImage";
			requirement = {
				kind = upToNextMajorVersion;
				minimumVersion = 5.20.0;
			};
		};
		396E8B0E2CF3894A00B35BAF /* XCRemoteSwiftPackageReference "Alamofire" */ = {
			isa = XCRemoteSwiftPackageReference;
			repositoryURL = "https://github.com/Alamofire/Alamofire.git";
			requirement = {
				kind = upToNextMajorVersion;
				minimumVersion = 5.10.1;
			};
		};
		396E8B112CF3897E00B35BAF /* XCRemoteSwiftPackageReference "firebase-ios-sdk" */ = {
			isa = XCRemoteSwiftPackageReference;
			repositoryURL = "https://github.com/firebase/firebase-ios-sdk";
			requirement = {
				kind = upToNextMajorVersion;
				minimumVersion = 11.5.0;
			};
		};
/* End XCRemoteSwiftPackageReference section */

/* Begin XCSwiftPackageProductDependency section */
		10794D2E2CF6A1F700777BEF /* SDWebImage */ = {
			isa = XCSwiftPackageProductDependency;
			package = 10794D2D2CF6A1F700777BEF /* XCRemoteSwiftPackageReference "SDWebImage" */;
			productName = SDWebImage;
		};
		10794D302CF6A20600777BEF /* SDWebImageMapKit */ = {
			isa = XCSwiftPackageProductDependency;
			package = 10794D2D2CF6A1F700777BEF /* XCRemoteSwiftPackageReference "SDWebImage" */;
			productName = SDWebImageMapKit;
		};
		396E8B0F2CF3894A00B35BAF /* Alamofire */ = {
			isa = XCSwiftPackageProductDependency;
			package = 396E8B0E2CF3894A00B35BAF /* XCRemoteSwiftPackageReference "Alamofire" */;
			productName = Alamofire;
		};
		396E8B122CF3897E00B35BAF /* FirebaseAnalytics */ = {
			isa = XCSwiftPackageProductDependency;
			package = 396E8B112CF3897E00B35BAF /* XCRemoteSwiftPackageReference "firebase-ios-sdk" */;
			productName = FirebaseAnalytics;
		};
		396E8B142CF3897E00B35BAF /* FirebaseAuth */ = {
			isa = XCSwiftPackageProductDependency;
			package = 396E8B112CF3897E00B35BAF /* XCRemoteSwiftPackageReference "firebase-ios-sdk" */;
			productName = FirebaseAuth;
		};
		396E8B162CF3897E00B35BAF /* FirebaseCore */ = {
			isa = XCSwiftPackageProductDependency;
			package = 396E8B112CF3897E00B35BAF /* XCRemoteSwiftPackageReference "firebase-ios-sdk" */;
			productName = FirebaseCore;
		};
		396E8B182CF3897E00B35BAF /* FirebaseDatabase */ = {
			isa = XCSwiftPackageProductDependency;
			package = 396E8B112CF3897E00B35BAF /* XCRemoteSwiftPackageReference "firebase-ios-sdk" */;
			productName = FirebaseDatabase;
		};
		396E8B1A2CF3897E00B35BAF /* FirebaseFirestore */ = {
			isa = XCSwiftPackageProductDependency;
			package = 396E8B112CF3897E00B35BAF /* XCRemoteSwiftPackageReference "firebase-ios-sdk" */;
			productName = FirebaseFirestore;
		};
		396E8B1C2CF3897F00B35BAF /* FirebaseRemoteConfig */ = {
			isa = XCSwiftPackageProductDependency;
			package = 396E8B112CF3897E00B35BAF /* XCRemoteSwiftPackageReference "firebase-ios-sdk" */;
			productName = FirebaseRemoteConfig;
		};
		396E8B1E2CF3897F00B35BAF /* FirebaseStorage */ = {
			isa = XCSwiftPackageProductDependency;
			package = 396E8B112CF3897E00B35BAF /* XCRemoteSwiftPackageReference "firebase-ios-sdk" */;
			productName = FirebaseStorage;
		};
/* End XCSwiftPackageProductDependency section */
	};
	rootObject = 10EED9632CEEF70F00BB226A /* Project object */;
}
